{
  "name": "QuranEaseBot",
  "lockfileVersion": 3,
  "requires": true,
  "packages": {
    "": {
      "dependencies": {
        "quran-cloud": "^1.0.0"
      }
    },
    "node_modules/quran-cloud": {
      "version": "1.0.0",
      "resolved": "https://registry.npmjs.org/quran-cloud/-/quran-cloud-1.0.0.tgz",
      "integrity": "sha512-DIXV0mX9E9IA5ZNEpuSA4W1QepNQCsCVlcvCY6P5bqEBuczqNAjIkPrs0wDXyMXaJnN8h7vbpygQV55ghStiKQ==",
      "license": "CC-BY-4.0",
      "engines": {
        "node": ">=22.12.0"
      }
    }
  }
}
